// !$*UTF8*$!
{
	archiveVersion = 1;
	classes = {
	};
	objectVersion = 52;
	objects = {

/* Begin PBXBuildFile section */
		634CCFF79A02FC2140845B3F /* Pods_AI_InsuranceTests.framework in Frameworks */ = {isa = PBXBuildFile; fileRef = DD8CCDD12DB4334BECF61256 /* Pods_AI_InsuranceTests.framework */; };
		63DAF5BD13EAADE5BEFE87CE /* Pods_AI_Insurance.framework in Frameworks */ = {isa = PBXBuildFile; fileRef = A905927CEBBF937A4344CCC8 /* Pods_AI_Insurance.framework */; };
		753D3CB45F934FE2646A1651 /* Pods_AI_Insurance_AI_InsuranceUITests.framework in Frameworks */ = {isa = PBXBuildFile; fileRef = 1A3D6C38CBC88795668959EB /* Pods_AI_Insurance_AI_InsuranceUITests.framework */; };
		F22B86BB2587FC700071ADF2 /* MySensorView.swift in Sources */ = {isa = PBXBuildFile; fileRef = F22B86BA2587FC700071ADF2 /* MySensorView.swift */; };
		F22B86C725880B550071ADF2 /* MyContractsView.swift in Sources */ = {isa = PBXBuildFile; fileRef = F22B86C625880B550071ADF2 /* MyContractsView.swift */; };
		F22B86CC25880EBD0071ADF2 /* ContractAPIManager.swift in Sources */ = {isa = PBXBuildFile; fileRef = F22B86CB25880EBD0071ADF2 /* ContractAPIManager.swift */; };
		F22B86D125881A420071ADF2 /* FetchMyContracts.swift in Sources */ = {isa = PBXBuildFile; fileRef = F22B86D025881A420071ADF2 /* FetchMyContracts.swift */; };
		F22B86D625881A740071ADF2 /* ContractCard.swift in Sources */ = {isa = PBXBuildFile; fileRef = F22B86D525881A740071ADF2 /* ContractCard.swift */; };
		F23D845F25810CB70002C5D7 /* Constants.swift in Sources */ = {isa = PBXBuildFile; fileRef = F23D845E25810CB70002C5D7 /* Constants.swift */; };
		F23D846425810EA40002C5D7 /* AuthAPIManager.swift in Sources */ = {isa = PBXBuildFile; fileRef = F23D846325810EA40002C5D7 /* AuthAPIManager.swift */; };
		F23D847025811A8F0002C5D7 /* AuthModel.swift in Sources */ = {isa = PBXBuildFile; fileRef = F23D846F25811A8F0002C5D7 /* AuthModel.swift */; };
		F23D847C25813F0F0002C5D7 /* BaseAPIManager.swift in Sources */ = {isa = PBXBuildFile; fileRef = F23D847B25813F0F0002C5D7 /* BaseAPIManager.swift */; };
		F23D848A258153870002C5D7 /* LoginButtonContentView.swift in Sources */ = {isa = PBXBuildFile; fileRef = F23D8489258153870002C5D7 /* LoginButtonContentView.swift */; };
		F23D8495258154DB0002C5D7 /* SignInTextView.swift in Sources */ = {isa = PBXBuildFile; fileRef = F23D8494258154DB0002C5D7 /* SignInTextView.swift */; };
		F23D849A2581581F0002C5D7 /* localStorage.swift in Sources */ = {isa = PBXBuildFile; fileRef = F23D84992581581F0002C5D7 /* localStorage.swift */; };
		F276279B257FF55000573012 /* AI_InsuranceApp.swift in Sources */ = {isa = PBXBuildFile; fileRef = F276279A257FF55000573012 /* AI_InsuranceApp.swift */; };
		F276279D257FF55000573012 /* ContentView.swift in Sources */ = {isa = PBXBuildFile; fileRef = F276279C257FF55000573012 /* ContentView.swift */; };
		F276279F257FF55100573012 /* Assets.xcassets in Resources */ = {isa = PBXBuildFile; fileRef = F276279E257FF55100573012 /* Assets.xcassets */; };
		F27627A2257FF55100573012 /* Preview Assets.xcassets in Resources */ = {isa = PBXBuildFile; fileRef = F27627A1257FF55100573012 /* Preview Assets.xcassets */; };
		F27627AD257FF55100573012 /* AI_InsuranceTests.swift in Sources */ = {isa = PBXBuildFile; fileRef = F27627AC257FF55100573012 /* AI_InsuranceTests.swift */; };
		F27627B8257FF55100573012 /* AI_InsuranceUITests.swift in Sources */ = {isa = PBXBuildFile; fileRef = F27627B7257FF55100573012 /* AI_InsuranceUITests.swift */; };
		F27627D925800E2700573012 /* LoginView.swift in Sources */ = {isa = PBXBuildFile; fileRef = F27627D825800E2700573012 /* LoginView.swift */; };
		F2A35DF52587C9D500EF4FAD /* AddSensorView.swift in Sources */ = {isa = PBXBuildFile; fileRef = F2A35DF42587C9D500EF4FAD /* AddSensorView.swift */; };
		F2A35DFB2587CA7D00EF4FAD /* CodeScanner in Frameworks */ = {isa = PBXBuildFile; productRef = F2A35DFA2587CA7D00EF4FAD /* CodeScanner */; };
		F2A35E032587E1D400EF4FAD /* SensorModel.swift in Sources */ = {isa = PBXBuildFile; fileRef = F2A35E022587E1D400EF4FAD /* SensorModel.swift */; };
		F2A35E082587E36400EF4FAD /* SensorAPIManager.swift in Sources */ = {isa = PBXBuildFile; fileRef = F2A35E072587E36400EF4FAD /* SensorAPIManager.swift */; };
		F2BA64E0258693E100141E2A /* MainView.swift in Sources */ = {isa = PBXBuildFile; fileRef = F2BA64DF258693E100141E2A /* MainView.swift */; };
		F2BA64E5258694CD00141E2A /* IsAuthorized.swift in Sources */ = {isa = PBXBuildFile; fileRef = F2BA64E4258694CD00141E2A /* IsAuthorized.swift */; };
		F2BA64F02586A19700141E2A /* DetailPriceView.swift in Sources */ = {isa = PBXBuildFile; fileRef = F2BA64EF2586A19700141E2A /* DetailPriceView.swift */; };
		F2BA64FD2586BCB800141E2A /* ContractModels.swift in Sources */ = {isa = PBXBuildFile; fileRef = F2BA64FC2586BCB800141E2A /* ContractModels.swift */; };
		F2D5AE9C2580206000EC85FA /* Localizable.strings in Resources */ = {isa = PBXBuildFile; fileRef = F2D5AE9E2580206000EC85FA /* Localizable.strings */; };
		F2EA68C425865D2700CA8330 /* FetchCompanyPrices.swift in Sources */ = {isa = PBXBuildFile; fileRef = F2EA68C325865D2700CA8330 /* FetchCompanyPrices.swift */; };
		F2EA68CE2586682600CA8330 /* RemoteImage.swift in Sources */ = {isa = PBXBuildFile; fileRef = F2EA68CD2586682600CA8330 /* RemoteImage.swift */; };
		F2FE4A3F25826A0000EA8F86 /* CompanyAPIManager.swift in Sources */ = {isa = PBXBuildFile; fileRef = F2FE4A3E25826A0000EA8F86 /* CompanyAPIManager.swift */; };
		F2FE4A4425826A1D00EA8F86 /* CompanyModels.swift in Sources */ = {isa = PBXBuildFile; fileRef = F2FE4A4325826A1D00EA8F86 /* CompanyModels.swift */; };
		F2FE4A4A25827C2200EA8F86 /* BestPricesView.swift in Sources */ = {isa = PBXBuildFile; fileRef = F2FE4A4925827C2200EA8F86 /* BestPricesView.swift */; };
/* End PBXBuildFile section */

/* Begin PBXContainerItemProxy section */
		F27627A9257FF55100573012 /* PBXContainerItemProxy */ = {
			isa = PBXContainerItemProxy;
			containerPortal = F276278F257FF55000573012 /* Project object */;
			proxyType = 1;
			remoteGlobalIDString = F2762796257FF55000573012;
			remoteInfo = "AI-Insurance";
		};
		F27627B4257FF55100573012 /* PBXContainerItemProxy */ = {
			isa = PBXContainerItemProxy;
			containerPortal = F276278F257FF55000573012 /* Project object */;
			proxyType = 1;
			remoteGlobalIDString = F2762796257FF55000573012;
			remoteInfo = "AI-Insurance";
		};
/* End PBXContainerItemProxy section */

/* Begin PBXFileReference section */
		1A3D6C38CBC88795668959EB /* Pods_AI_Insurance_AI_InsuranceUITests.framework */ = {isa = PBXFileReference; explicitFileType = wrapper.framework; includeInIndex = 0; path = Pods_AI_Insurance_AI_InsuranceUITests.framework; sourceTree = BUILT_PRODUCTS_DIR; };
		3368184135C46FA4EDC73AD0 /* Pods-AI-Insurance.release.xcconfig */ = {isa = PBXFileReference; includeInIndex = 1; lastKnownFileType = text.xcconfig; name = "Pods-AI-Insurance.release.xcconfig"; path = "Target Support Files/Pods-AI-Insurance/Pods-AI-Insurance.release.xcconfig"; sourceTree = "<group>"; };
		37716AF07E7A82F436F93218 /* Pods-AI-Insurance.debug.xcconfig */ = {isa = PBXFileReference; includeInIndex = 1; lastKnownFileType = text.xcconfig; name = "Pods-AI-Insurance.debug.xcconfig"; path = "Target Support Files/Pods-AI-Insurance/Pods-AI-Insurance.debug.xcconfig"; sourceTree = "<group>"; };
		3C95D40E8D77B442E5A43416 /* Pods-AI-Insurance-AI-InsuranceUITests.debug.xcconfig */ = {isa = PBXFileReference; includeInIndex = 1; lastKnownFileType = text.xcconfig; name = "Pods-AI-Insurance-AI-InsuranceUITests.debug.xcconfig"; path = "Target Support Files/Pods-AI-Insurance-AI-InsuranceUITests/Pods-AI-Insurance-AI-InsuranceUITests.debug.xcconfig"; sourceTree = "<group>"; };
		5EB4E8DAC4B7B57844675518 /* Pods-AI-InsuranceTests.debug.xcconfig */ = {isa = PBXFileReference; includeInIndex = 1; lastKnownFileType = text.xcconfig; name = "Pods-AI-InsuranceTests.debug.xcconfig"; path = "Target Support Files/Pods-AI-InsuranceTests/Pods-AI-InsuranceTests.debug.xcconfig"; sourceTree = "<group>"; };
		A905927CEBBF937A4344CCC8 /* Pods_AI_Insurance.framework */ = {isa = PBXFileReference; explicitFileType = wrapper.framework; includeInIndex = 0; path = Pods_AI_Insurance.framework; sourceTree = BUILT_PRODUCTS_DIR; };
		B35EB819ABE5F8C17540F319 /* Pods-AI-Insurance-AI-InsuranceUITests.release.xcconfig */ = {isa = PBXFileReference; includeInIndex = 1; lastKnownFileType = text.xcconfig; name = "Pods-AI-Insurance-AI-InsuranceUITests.release.xcconfig"; path = "Target Support Files/Pods-AI-Insurance-AI-InsuranceUITests/Pods-AI-Insurance-AI-InsuranceUITests.release.xcconfig"; sourceTree = "<group>"; };
		DD8CCDD12DB4334BECF61256 /* Pods_AI_InsuranceTests.framework */ = {isa = PBXFileReference; explicitFileType = wrapper.framework; includeInIndex = 0; path = Pods_AI_InsuranceTests.framework; sourceTree = BUILT_PRODUCTS_DIR; };
		F22B86BA2587FC700071ADF2 /* MySensorView.swift */ = {isa = PBXFileReference; lastKnownFileType = sourcecode.swift; path = MySensorView.swift; sourceTree = "<group>"; };
		F22B86C625880B550071ADF2 /* MyContractsView.swift */ = {isa = PBXFileReference; lastKnownFileType = sourcecode.swift; path = MyContractsView.swift; sourceTree = "<group>"; };
		F22B86CB25880EBD0071ADF2 /* ContractAPIManager.swift */ = {isa = PBXFileReference; lastKnownFileType = sourcecode.swift; path = ContractAPIManager.swift; sourceTree = "<group>"; };
		F22B86D025881A420071ADF2 /* FetchMyContracts.swift */ = {isa = PBXFileReference; lastKnownFileType = sourcecode.swift; path = FetchMyContracts.swift; sourceTree = "<group>"; };
		F22B86D525881A740071ADF2 /* ContractCard.swift */ = {isa = PBXFileReference; lastKnownFileType = sourcecode.swift; path = ContractCard.swift; sourceTree = "<group>"; };
		F23D845E25810CB70002C5D7 /* Constants.swift */ = {isa = PBXFileReference; lastKnownFileType = sourcecode.swift; path = Constants.swift; sourceTree = "<group>"; };
		F23D846325810EA40002C5D7 /* AuthAPIManager.swift */ = {isa = PBXFileReference; lastKnownFileType = sourcecode.swift; path = AuthAPIManager.swift; sourceTree = "<group>"; };
		F23D846F25811A8F0002C5D7 /* AuthModel.swift */ = {isa = PBXFileReference; lastKnownFileType = sourcecode.swift; path = AuthModel.swift; sourceTree = "<group>"; };
		F23D847B25813F0F0002C5D7 /* BaseAPIManager.swift */ = {isa = PBXFileReference; lastKnownFileType = sourcecode.swift; path = BaseAPIManager.swift; sourceTree = "<group>"; };
		F23D8489258153870002C5D7 /* LoginButtonContentView.swift */ = {isa = PBXFileReference; lastKnownFileType = sourcecode.swift; path = LoginButtonContentView.swift; sourceTree = "<group>"; };
		F23D8494258154DB0002C5D7 /* SignInTextView.swift */ = {isa = PBXFileReference; lastKnownFileType = sourcecode.swift; path = SignInTextView.swift; sourceTree = "<group>"; };
		F23D84992581581F0002C5D7 /* localStorage.swift */ = {isa = PBXFileReference; lastKnownFileType = sourcecode.swift; path = localStorage.swift; sourceTree = "<group>"; };
		F2762797257FF55000573012 /* AI-Insurance.app */ = {isa = PBXFileReference; explicitFileType = wrapper.application; includeInIndex = 0; path = "AI-Insurance.app"; sourceTree = BUILT_PRODUCTS_DIR; };
		F276279A257FF55000573012 /* AI_InsuranceApp.swift */ = {isa = PBXFileReference; lastKnownFileType = sourcecode.swift; path = AI_InsuranceApp.swift; sourceTree = "<group>"; };
		F276279C257FF55000573012 /* ContentView.swift */ = {isa = PBXFileReference; lastKnownFileType = sourcecode.swift; path = ContentView.swift; sourceTree = "<group>"; };
		F276279E257FF55100573012 /* Assets.xcassets */ = {isa = PBXFileReference; lastKnownFileType = folder.assetcatalog; path = Assets.xcassets; sourceTree = "<group>"; };
		F27627A1257FF55100573012 /* Preview Assets.xcassets */ = {isa = PBXFileReference; lastKnownFileType = folder.assetcatalog; path = "Preview Assets.xcassets"; sourceTree = "<group>"; };
		F27627A3257FF55100573012 /* Info.plist */ = {isa = PBXFileReference; lastKnownFileType = text.plist.xml; path = Info.plist; sourceTree = "<group>"; };
		F27627A8257FF55100573012 /* AI-InsuranceTests.xctest */ = {isa = PBXFileReference; explicitFileType = wrapper.cfbundle; includeInIndex = 0; path = "AI-InsuranceTests.xctest"; sourceTree = BUILT_PRODUCTS_DIR; };
		F27627AC257FF55100573012 /* AI_InsuranceTests.swift */ = {isa = PBXFileReference; lastKnownFileType = sourcecode.swift; path = AI_InsuranceTests.swift; sourceTree = "<group>"; };
		F27627AE257FF55100573012 /* Info.plist */ = {isa = PBXFileReference; lastKnownFileType = text.plist.xml; path = Info.plist; sourceTree = "<group>"; };
		F27627B3257FF55100573012 /* AI-InsuranceUITests.xctest */ = {isa = PBXFileReference; explicitFileType = wrapper.cfbundle; includeInIndex = 0; path = "AI-InsuranceUITests.xctest"; sourceTree = BUILT_PRODUCTS_DIR; };
		F27627B7257FF55100573012 /* AI_InsuranceUITests.swift */ = {isa = PBXFileReference; lastKnownFileType = sourcecode.swift; path = AI_InsuranceUITests.swift; sourceTree = "<group>"; };
		F27627B9257FF55100573012 /* Info.plist */ = {isa = PBXFileReference; lastKnownFileType = text.plist.xml; path = Info.plist; sourceTree = "<group>"; };
		F27627D825800E2700573012 /* LoginView.swift */ = {isa = PBXFileReference; lastKnownFileType = sourcecode.swift; path = LoginView.swift; sourceTree = "<group>"; };
		F2A35DF42587C9D500EF4FAD /* AddSensorView.swift */ = {isa = PBXFileReference; lastKnownFileType = sourcecode.swift; path = AddSensorView.swift; sourceTree = "<group>"; };
		F2A35E022587E1D400EF4FAD /* SensorModel.swift */ = {isa = PBXFileReference; lastKnownFileType = sourcecode.swift; path = SensorModel.swift; sourceTree = "<group>"; };
		F2A35E072587E36400EF4FAD /* SensorAPIManager.swift */ = {isa = PBXFileReference; lastKnownFileType = sourcecode.swift; path = SensorAPIManager.swift; sourceTree = "<group>"; };
		F2BA64DF258693E100141E2A /* MainView.swift */ = {isa = PBXFileReference; lastKnownFileType = sourcecode.swift; path = MainView.swift; sourceTree = "<group>"; };
		F2BA64E4258694CD00141E2A /* IsAuthorized.swift */ = {isa = PBXFileReference; lastKnownFileType = sourcecode.swift; path = IsAuthorized.swift; sourceTree = "<group>"; };
		F2BA64EF2586A19700141E2A /* DetailPriceView.swift */ = {isa = PBXFileReference; lastKnownFileType = sourcecode.swift; path = DetailPriceView.swift; sourceTree = "<group>"; };
		F2BA64FC2586BCB800141E2A /* ContractModels.swift */ = {isa = PBXFileReference; lastKnownFileType = sourcecode.swift; path = ContractModels.swift; sourceTree = "<group>"; };
		F2D5AE9D2580206000EC85FA /* en */ = {isa = PBXFileReference; lastKnownFileType = text.plist.strings; name = en; path = en.lproj/Localizable.strings; sourceTree = "<group>"; };
		F2D5AEA8258022F700EC85FA /* ru */ = {isa = PBXFileReference; lastKnownFileType = text.plist.strings; name = ru; path = ru.lproj/Localizable.strings; sourceTree = "<group>"; };
		F2D5AEAC2580230300EC85FA /* uk */ = {isa = PBXFileReference; lastKnownFileType = text.plist.strings; name = uk; path = uk.lproj/Localizable.strings; sourceTree = "<group>"; };
		F2EA68C325865D2700CA8330 /* FetchCompanyPrices.swift */ = {isa = PBXFileReference; lastKnownFileType = sourcecode.swift; path = FetchCompanyPrices.swift; sourceTree = "<group>"; };
		F2EA68CD2586682600CA8330 /* RemoteImage.swift */ = {isa = PBXFileReference; lastKnownFileType = sourcecode.swift; path = RemoteImage.swift; sourceTree = "<group>"; };
		F2FE4A3E25826A0000EA8F86 /* CompanyAPIManager.swift */ = {isa = PBXFileReference; lastKnownFileType = sourcecode.swift; path = CompanyAPIManager.swift; sourceTree = "<group>"; };
		F2FE4A4325826A1D00EA8F86 /* CompanyModels.swift */ = {isa = PBXFileReference; lastKnownFileType = sourcecode.swift; path = CompanyModels.swift; sourceTree = "<group>"; };
		F2FE4A4925827C2200EA8F86 /* BestPricesView.swift */ = {isa = PBXFileReference; lastKnownFileType = sourcecode.swift; path = BestPricesView.swift; sourceTree = "<group>"; };
		F930FC6EE1AE00EF11C690F3 /* Pods-AI-InsuranceTests.release.xcconfig */ = {isa = PBXFileReference; includeInIndex = 1; lastKnownFileType = text.xcconfig; name = "Pods-AI-InsuranceTests.release.xcconfig"; path = "Target Support Files/Pods-AI-InsuranceTests/Pods-AI-InsuranceTests.release.xcconfig"; sourceTree = "<group>"; };
/* End PBXFileReference section */

/* Begin PBXFrameworksBuildPhase section */
		F2762794257FF55000573012 /* Frameworks */ = {
			isa = PBXFrameworksBuildPhase;
			buildActionMask = 2147483647;
			files = (
				F2A35DFB2587CA7D00EF4FAD /* CodeScanner in Frameworks */,
				63DAF5BD13EAADE5BEFE87CE /* Pods_AI_Insurance.framework in Frameworks */,
			);
			runOnlyForDeploymentPostprocessing = 0;
		};
		F27627A5257FF55100573012 /* Frameworks */ = {
			isa = PBXFrameworksBuildPhase;
			buildActionMask = 2147483647;
			files = (
				634CCFF79A02FC2140845B3F /* Pods_AI_InsuranceTests.framework in Frameworks */,
			);
			runOnlyForDeploymentPostprocessing = 0;
		};
		F27627B0257FF55100573012 /* Frameworks */ = {
			isa = PBXFrameworksBuildPhase;
			buildActionMask = 2147483647;
			files = (
				753D3CB45F934FE2646A1651 /* Pods_AI_Insurance_AI_InsuranceUITests.framework in Frameworks */,
			);
			runOnlyForDeploymentPostprocessing = 0;
		};
/* End PBXFrameworksBuildPhase section */

/* Begin PBXGroup section */
		DD8F28E45E33BD894698255E /* Frameworks */ = {
			isa = PBXGroup;
			children = (
				A905927CEBBF937A4344CCC8 /* Pods_AI_Insurance.framework */,
				1A3D6C38CBC88795668959EB /* Pods_AI_Insurance_AI_InsuranceUITests.framework */,
				DD8CCDD12DB4334BECF61256 /* Pods_AI_InsuranceTests.framework */,
			);
			name = Frameworks;
			sourceTree = "<group>";
		};
		E1317D84966EDA982D23804C /* Pods */ = {
			isa = PBXGroup;
			children = (
				37716AF07E7A82F436F93218 /* Pods-AI-Insurance.debug.xcconfig */,
				3368184135C46FA4EDC73AD0 /* Pods-AI-Insurance.release.xcconfig */,
				3C95D40E8D77B442E5A43416 /* Pods-AI-Insurance-AI-InsuranceUITests.debug.xcconfig */,
				B35EB819ABE5F8C17540F319 /* Pods-AI-Insurance-AI-InsuranceUITests.release.xcconfig */,
				5EB4E8DAC4B7B57844675518 /* Pods-AI-InsuranceTests.debug.xcconfig */,
				F930FC6EE1AE00EF11C690F3 /* Pods-AI-InsuranceTests.release.xcconfig */,
			);
			path = Pods;
			sourceTree = "<group>";
		};
		F22B86C525880B3F0071ADF2 /* Contracts */ = {
			isa = PBXGroup;
			children = (
				F22B86C625880B550071ADF2 /* MyContractsView.swift */,
				F22B86D025881A420071ADF2 /* FetchMyContracts.swift */,
				F22B86D525881A740071ADF2 /* ContractCard.swift */,
			);
			path = Contracts;
			sourceTree = "<group>";
		};
		F23D845D25810C360002C5D7 /* Networking */ = {
			isa = PBXGroup;
			children = (
				F23D845E25810CB70002C5D7 /* Constants.swift */,
				F23D846325810EA40002C5D7 /* AuthAPIManager.swift */,
				F23D847B25813F0F0002C5D7 /* BaseAPIManager.swift */,
				F2FE4A3E25826A0000EA8F86 /* CompanyAPIManager.swift */,
				F2BA64E4258694CD00141E2A /* IsAuthorized.swift */,
				F2A35E072587E36400EF4FAD /* SensorAPIManager.swift */,
				F22B86CB25880EBD0071ADF2 /* ContractAPIManager.swift */,
			);
			path = Networking;
			sourceTree = "<group>";
		};
		F23D846825810EAB0002C5D7 /* Models */ = {
			isa = PBXGroup;
			children = (
				F23D846F25811A8F0002C5D7 /* AuthModel.swift */,
				F2FE4A4325826A1D00EA8F86 /* CompanyModels.swift */,
				F2BA64FC2586BCB800141E2A /* ContractModels.swift */,
				F2A35E022587E1D400EF4FAD /* SensorModel.swift */,
			);
			path = Models;
			sourceTree = "<group>";
		};
		F23D84882581535F0002C5D7 /* Views */ = {
			isa = PBXGroup;
			children = (
				F22B86C525880B3F0071ADF2 /* Contracts */,
				F2A35DF32587C86200EF4FAD /* Sensor */,
				F2FE4A4825827B9E00EA8F86 /* Company */,
				F27627D725800E0700573012 /* Auth */,
				F2EA68CD2586682600CA8330 /* RemoteImage.swift */,
				F2BA64DF258693E100141E2A /* MainView.swift */,
			);
			path = Views;
			sourceTree = "<group>";
		};
		F276278E257FF55000573012 = {
			isa = PBXGroup;
			children = (
				F2762799257FF55000573012 /* AI-Insurance */,
				F27627AB257FF55100573012 /* AI-InsuranceTests */,
				F27627B6257FF55100573012 /* AI-InsuranceUITests */,
				F2762798257FF55000573012 /* Products */,
				E1317D84966EDA982D23804C /* Pods */,
				DD8F28E45E33BD894698255E /* Frameworks */,
			);
			sourceTree = "<group>";
		};
		F2762798257FF55000573012 /* Products */ = {
			isa = PBXGroup;
			children = (
				F2762797257FF55000573012 /* AI-Insurance.app */,
				F27627A8257FF55100573012 /* AI-InsuranceTests.xctest */,
				F27627B3257FF55100573012 /* AI-InsuranceUITests.xctest */,
			);
			name = Products;
			sourceTree = "<group>";
		};
		F2762799257FF55000573012 /* AI-Insurance */ = {
			isa = PBXGroup;
			children = (
				F23D84882581535F0002C5D7 /* Views */,
				F23D846825810EAB0002C5D7 /* Models */,
				F23D845D25810C360002C5D7 /* Networking */,
				F276279A257FF55000573012 /* AI_InsuranceApp.swift */,
				F276279C257FF55000573012 /* ContentView.swift */,
				F276279E257FF55100573012 /* Assets.xcassets */,
				F27627A3257FF55100573012 /* Info.plist */,
				F27627A0257FF55100573012 /* Preview Content */,
				F2D5AE9E2580206000EC85FA /* Localizable.strings */,
				F23D84992581581F0002C5D7 /* localStorage.swift */,
			);
			path = "AI-Insurance";
			sourceTree = "<group>";
		};
		F27627A0257FF55100573012 /* Preview Content */ = {
			isa = PBXGroup;
			children = (
				F27627A1257FF55100573012 /* Preview Assets.xcassets */,
			);
			path = "Preview Content";
			sourceTree = "<group>";
		};
		F27627AB257FF55100573012 /* AI-InsuranceTests */ = {
			isa = PBXGroup;
			children = (
				F27627AC257FF55100573012 /* AI_InsuranceTests.swift */,
				F27627AE257FF55100573012 /* Info.plist */,
			);
			path = "AI-InsuranceTests";
			sourceTree = "<group>";
		};
		F27627B6257FF55100573012 /* AI-InsuranceUITests */ = {
			isa = PBXGroup;
			children = (
				F27627B7257FF55100573012 /* AI_InsuranceUITests.swift */,
				F27627B9257FF55100573012 /* Info.plist */,
			);
			path = "AI-InsuranceUITests";
			sourceTree = "<group>";
		};
		F27627D725800E0700573012 /* Auth */ = {
			isa = PBXGroup;
			children = (
				F27627D825800E2700573012 /* LoginView.swift */,
				F23D8489258153870002C5D7 /* LoginButtonContentView.swift */,
				F23D8494258154DB0002C5D7 /* SignInTextView.swift */,
			);
			path = Auth;
			sourceTree = "<group>";
		};
		F2A35DF32587C86200EF4FAD /* Sensor */ = {
			isa = PBXGroup;
			children = (
				F2A35DF42587C9D500EF4FAD /* AddSensorView.swift */,
				F22B86BA2587FC700071ADF2 /* MySensorView.swift */,
			);
			path = Sensor;
			sourceTree = "<group>";
		};
		F2FE4A4825827B9E00EA8F86 /* Company */ = {
			isa = PBXGroup;
			children = (
				F2FE4A4925827C2200EA8F86 /* BestPricesView.swift */,
				F2EA68C325865D2700CA8330 /* FetchCompanyPrices.swift */,
				F2BA64EF2586A19700141E2A /* DetailPriceView.swift */,
			);
			path = Company;
			sourceTree = "<group>";
		};
/* End PBXGroup section */

/* Begin PBXNativeTarget section */
		F2762796257FF55000573012 /* AI-Insurance */ = {
			isa = PBXNativeTarget;
			buildConfigurationList = F27627BC257FF55100573012 /* Build configuration list for PBXNativeTarget "AI-Insurance" */;
			buildPhases = (
				A922D76B9E8D870BBE2A427F /* [CP] Check Pods Manifest.lock */,
				F2762793257FF55000573012 /* Sources */,
				F2762794257FF55000573012 /* Frameworks */,
				F2762795257FF55000573012 /* Resources */,
				744DBD7D57A8E366A713FDF3 /* [CP] Embed Pods Frameworks */,
			);
			buildRules = (
			);
			dependencies = (
			);
			name = "AI-Insurance";
			packageProductDependencies = (
				F2A35DFA2587CA7D00EF4FAD /* CodeScanner */,
			);
			productName = "AI-Insurance";
			productReference = F2762797257FF55000573012 /* AI-Insurance.app */;
			productType = "com.apple.product-type.application";
		};
		F27627A7257FF55100573012 /* AI-InsuranceTests */ = {
			isa = PBXNativeTarget;
			buildConfigurationList = F27627BF257FF55100573012 /* Build configuration list for PBXNativeTarget "AI-InsuranceTests" */;
			buildPhases = (
				DC4C3FDFA551FFD0CF247A71 /* [CP] Check Pods Manifest.lock */,
				F27627A4257FF55100573012 /* Sources */,
				F27627A5257FF55100573012 /* Frameworks */,
				F27627A6257FF55100573012 /* Resources */,
			);
			buildRules = (
			);
			dependencies = (
				F27627AA257FF55100573012 /* PBXTargetDependency */,
			);
			name = "AI-InsuranceTests";
			productName = "AI-InsuranceTests";
			productReference = F27627A8257FF55100573012 /* AI-InsuranceTests.xctest */;
			productType = "com.apple.product-type.bundle.unit-test";
		};
		F27627B2257FF55100573012 /* AI-InsuranceUITests */ = {
			isa = PBXNativeTarget;
			buildConfigurationList = F27627C2257FF55100573012 /* Build configuration list for PBXNativeTarget "AI-InsuranceUITests" */;
			buildPhases = (
				769017D4D73BFB9E4C6FEDCE /* [CP] Check Pods Manifest.lock */,
				F27627AF257FF55100573012 /* Sources */,
				F27627B0257FF55100573012 /* Frameworks */,
				F27627B1257FF55100573012 /* Resources */,
				9E5964627E9294B4DCA028EF /* [CP] Embed Pods Frameworks */,
			);
			buildRules = (
			);
			dependencies = (
				F27627B5257FF55100573012 /* PBXTargetDependency */,
			);
			name = "AI-InsuranceUITests";
			productName = "AI-InsuranceUITests";
			productReference = F27627B3257FF55100573012 /* AI-InsuranceUITests.xctest */;
			productType = "com.apple.product-type.bundle.ui-testing";
		};
/* End PBXNativeTarget section */

/* Begin PBXProject section */
		F276278F257FF55000573012 /* Project object */ = {
			isa = PBXProject;
			attributes = {
				LastSwiftUpdateCheck = 1220;
				LastUpgradeCheck = 1220;
				TargetAttributes = {
					F2762796257FF55000573012 = {
						CreatedOnToolsVersion = 12.2;
					};
					F27627A7257FF55100573012 = {
						CreatedOnToolsVersion = 12.2;
						TestTargetID = F2762796257FF55000573012;
					};
					F27627B2257FF55100573012 = {
						CreatedOnToolsVersion = 12.2;
						TestTargetID = F2762796257FF55000573012;
					};
				};
			};
			buildConfigurationList = F2762792257FF55000573012 /* Build configuration list for PBXProject "AI-Insurance" */;
			compatibilityVersion = "Xcode 9.3";
			developmentRegion = en;
			hasScannedForEncodings = 0;
			knownRegions = (
				en,
				Base,
				ru,
				uk,
			);
			mainGroup = F276278E257FF55000573012;
			packageReferences = (
				F2A35DF92587CA7D00EF4FAD /* XCRemoteSwiftPackageReference "CodeScanner" */,
			);
			productRefGroup = F2762798257FF55000573012 /* Products */;
			projectDirPath = "";
			projectRoot = "";
			targets = (
				F2762796257FF55000573012 /* AI-Insurance */,
				F27627A7257FF55100573012 /* AI-InsuranceTests */,
				F27627B2257FF55100573012 /* AI-InsuranceUITests */,
			);
		};
/* End PBXProject section */

/* Begin PBXResourcesBuildPhase section */
		F2762795257FF55000573012 /* Resources */ = {
			isa = PBXResourcesBuildPhase;
			buildActionMask = 2147483647;
			files = (
				F27627A2257FF55100573012 /* Preview Assets.xcassets in Resources */,
				F2D5AE9C2580206000EC85FA /* Localizable.strings in Resources */,
				F276279F257FF55100573012 /* Assets.xcassets in Resources */,
			);
			runOnlyForDeploymentPostprocessing = 0;
		};
		F27627A6257FF55100573012 /* Resources */ = {
			isa = PBXResourcesBuildPhase;
			buildActionMask = 2147483647;
			files = (
			);
			runOnlyForDeploymentPostprocessing = 0;
		};
		F27627B1257FF55100573012 /* Resources */ = {
			isa = PBXResourcesBuildPhase;
			buildActionMask = 2147483647;
			files = (
			);
			runOnlyForDeploymentPostprocessing = 0;
		};
/* End PBXResourcesBuildPhase section */

/* Begin PBXShellScriptBuildPhase section */
		744DBD7D57A8E366A713FDF3 /* [CP] Embed Pods Frameworks */ = {
			isa = PBXShellScriptBuildPhase;
			buildActionMask = 2147483647;
			files = (
			);
			inputFileListPaths = (
				"${PODS_ROOT}/Target Support Files/Pods-AI-Insurance/Pods-AI-Insurance-frameworks-${CONFIGURATION}-input-files.xcfilelist",
			);
			name = "[CP] Embed Pods Frameworks";
			outputFileListPaths = (
				"${PODS_ROOT}/Target Support Files/Pods-AI-Insurance/Pods-AI-Insurance-frameworks-${CONFIGURATION}-output-files.xcfilelist",
			);
			runOnlyForDeploymentPostprocessing = 0;
			shellPath = /bin/sh;
			shellScript = "\"${PODS_ROOT}/Target Support Files/Pods-AI-Insurance/Pods-AI-Insurance-frameworks.sh\"\n";
			showEnvVarsInLog = 0;
		};
		769017D4D73BFB9E4C6FEDCE /* [CP] Check Pods Manifest.lock */ = {
			isa = PBXShellScriptBuildPhase;
			buildActionMask = 2147483647;
			files = (
			);
			inputFileListPaths = (
			);
			inputPaths = (
				"${PODS_PODFILE_DIR_PATH}/Podfile.lock",
				"${PODS_ROOT}/Manifest.lock",
			);
			name = "[CP] Check Pods Manifest.lock";
			outputFileListPaths = (
			);
			outputPaths = (
				"$(DERIVED_FILE_DIR)/Pods-AI-Insurance-AI-InsuranceUITests-checkManifestLockResult.txt",
			);
			runOnlyForDeploymentPostprocessing = 0;
			shellPath = /bin/sh;
			shellScript = "diff \"${PODS_PODFILE_DIR_PATH}/Podfile.lock\" \"${PODS_ROOT}/Manifest.lock\" > /dev/null\nif [ $? != 0 ] ; then\n    # print error to STDERR\n    echo \"error: The sandbox is not in sync with the Podfile.lock. Run 'pod install' or update your CocoaPods installation.\" >&2\n    exit 1\nfi\n# This output is used by Xcode 'outputs' to avoid re-running this script phase.\necho \"SUCCESS\" > \"${SCRIPT_OUTPUT_FILE_0}\"\n";
			showEnvVarsInLog = 0;
		};
		9E5964627E9294B4DCA028EF /* [CP] Embed Pods Frameworks */ = {
			isa = PBXShellScriptBuildPhase;
			buildActionMask = 2147483647;
			files = (
			);
			inputFileListPaths = (
				"${PODS_ROOT}/Target Support Files/Pods-AI-Insurance-AI-InsuranceUITests/Pods-AI-Insurance-AI-InsuranceUITests-frameworks-${CONFIGURATION}-input-files.xcfilelist",
			);
			name = "[CP] Embed Pods Frameworks";
			outputFileListPaths = (
				"${PODS_ROOT}/Target Support Files/Pods-AI-Insurance-AI-InsuranceUITests/Pods-AI-Insurance-AI-InsuranceUITests-frameworks-${CONFIGURATION}-output-files.xcfilelist",
			);
			runOnlyForDeploymentPostprocessing = 0;
			shellPath = /bin/sh;
			shellScript = "\"${PODS_ROOT}/Target Support Files/Pods-AI-Insurance-AI-InsuranceUITests/Pods-AI-Insurance-AI-InsuranceUITests-frameworks.sh\"\n";
			showEnvVarsInLog = 0;
		};
		A922D76B9E8D870BBE2A427F /* [CP] Check Pods Manifest.lock */ = {
			isa = PBXShellScriptBuildPhase;
			buildActionMask = 2147483647;
			files = (
			);
			inputFileListPaths = (
			);
			inputPaths = (
				"${PODS_PODFILE_DIR_PATH}/Podfile.lock",
				"${PODS_ROOT}/Manifest.lock",
			);
			name = "[CP] Check Pods Manifest.lock";
			outputFileListPaths = (
			);
			outputPaths = (
				"$(DERIVED_FILE_DIR)/Pods-AI-Insurance-checkManifestLockResult.txt",
			);
			runOnlyForDeploymentPostprocessing = 0;
			shellPath = /bin/sh;
			shellScript = "diff \"${PODS_PODFILE_DIR_PATH}/Podfile.lock\" \"${PODS_ROOT}/Manifest.lock\" > /dev/null\nif [ $? != 0 ] ; then\n    # print error to STDERR\n    echo \"error: The sandbox is not in sync with the Podfile.lock. Run 'pod install' or update your CocoaPods installation.\" >&2\n    exit 1\nfi\n# This output is used by Xcode 'outputs' to avoid re-running this script phase.\necho \"SUCCESS\" > \"${SCRIPT_OUTPUT_FILE_0}\"\n";
			showEnvVarsInLog = 0;
		};
		DC4C3FDFA551FFD0CF247A71 /* [CP] Check Pods Manifest.lock */ = {
			isa = PBXShellScriptBuildPhase;
			buildActionMask = 2147483647;
			files = (
			);
			inputFileListPaths = (
			);
			inputPaths = (
				"${PODS_PODFILE_DIR_PATH}/Podfile.lock",
				"${PODS_ROOT}/Manifest.lock",
			);
			name = "[CP] Check Pods Manifest.lock";
			outputFileListPaths = (
			);
			outputPaths = (
				"$(DERIVED_FILE_DIR)/Pods-AI-InsuranceTests-checkManifestLockResult.txt",
			);
			runOnlyForDeploymentPostprocessing = 0;
			shellPath = /bin/sh;
			shellScript = "diff \"${PODS_PODFILE_DIR_PATH}/Podfile.lock\" \"${PODS_ROOT}/Manifest.lock\" > /dev/null\nif [ $? != 0 ] ; then\n    # print error to STDERR\n    echo \"error: The sandbox is not in sync with the Podfile.lock. Run 'pod install' or update your CocoaPods installation.\" >&2\n    exit 1\nfi\n# This output is used by Xcode 'outputs' to avoid re-running this script phase.\necho \"SUCCESS\" > \"${SCRIPT_OUTPUT_FILE_0}\"\n";
			showEnvVarsInLog = 0;
		};
/* End PBXShellScriptBuildPhase section */

/* Begin PBXSourcesBuildPhase section */
		F2762793257FF55000573012 /* Sources */ = {
			isa = PBXSourcesBuildPhase;
			buildActionMask = 2147483647;
			files = (
				F23D848A258153870002C5D7 /* LoginButtonContentView.swift in Sources */,
				F2FE4A4A25827C2200EA8F86 /* BestPricesView.swift in Sources */,
				F22B86C725880B550071ADF2 /* MyContractsView.swift in Sources */,
				F2A35E082587E36400EF4FAD /* SensorAPIManager.swift in Sources */,
				F2A35DF52587C9D500EF4FAD /* AddSensorView.swift in Sources */,
				F2FE4A4425826A1D00EA8F86 /* CompanyModels.swift in Sources */,
				F2EA68C425865D2700CA8330 /* FetchCompanyPrices.swift in Sources */,
				F23D849A2581581F0002C5D7 /* localStorage.swift in Sources */,
				F2BA64F02586A19700141E2A /* DetailPriceView.swift in Sources */,
				F2EA68CE2586682600CA8330 /* RemoteImage.swift in Sources */,
				F23D847C25813F0F0002C5D7 /* BaseAPIManager.swift in Sources */,
				F27627D925800E2700573012 /* LoginView.swift in Sources */,
				F276279D257FF55000573012 /* ContentView.swift in Sources */,
				F22B86BB2587FC700071ADF2 /* MySensorView.swift in Sources */,
				F276279B257FF55000573012 /* AI_InsuranceApp.swift in Sources */,
				F2BA64E0258693E100141E2A /* MainView.swift in Sources */,
				F22B86D625881A740071ADF2 /* ContractCard.swift in Sources */,
				F2BA64FD2586BCB800141E2A /* ContractModels.swift in Sources */,
				F23D8495258154DB0002C5D7 /* SignInTextView.swift in Sources */,
				F2A35E032587E1D400EF4FAD /* SensorModel.swift in Sources */,
				F2BA64E5258694CD00141E2A /* IsAuthorized.swift in Sources */,
				F22B86D125881A420071ADF2 /* FetchMyContracts.swift in Sources */,
				F23D845F25810CB70002C5D7 /* Constants.swift in Sources */,
				F2FE4A3F25826A0000EA8F86 /* CompanyAPIManager.swift in Sources */,
				F23D846425810EA40002C5D7 /* AuthAPIManager.swift in Sources */,
				F23D847025811A8F0002C5D7 /* AuthModel.swift in Sources */,
				F22B86CC25880EBD0071ADF2 /* ContractAPIManager.swift in Sources */,
			);
			runOnlyForDeploymentPostprocessing = 0;
		};
		F27627A4257FF55100573012 /* Sources */ = {
			isa = PBXSourcesBuildPhase;
			buildActionMask = 2147483647;
			files = (
				F27627AD257FF55100573012 /* AI_InsuranceTests.swift in Sources */,
			);
			runOnlyForDeploymentPostprocessing = 0;
		};
		F27627AF257FF55100573012 /* Sources */ = {
			isa = PBXSourcesBuildPhase;
			buildActionMask = 2147483647;
			files = (
				F27627B8257FF55100573012 /* AI_InsuranceUITests.swift in Sources */,
			);
			runOnlyForDeploymentPostprocessing = 0;
		};
/* End PBXSourcesBuildPhase section */

/* Begin PBXTargetDependency section */
		F27627AA257FF55100573012 /* PBXTargetDependency */ = {
			isa = PBXTargetDependency;
			target = F2762796257FF55000573012 /* AI-Insurance */;
			targetProxy = F27627A9257FF55100573012 /* PBXContainerItemProxy */;
		};
		F27627B5257FF55100573012 /* PBXTargetDependency */ = {
			isa = PBXTargetDependency;
			target = F2762796257FF55000573012 /* AI-Insurance */;
			targetProxy = F27627B4257FF55100573012 /* PBXContainerItemProxy */;
		};
/* End PBXTargetDependency section */

/* Begin PBXVariantGroup section */
		F2D5AE9E2580206000EC85FA /* Localizable.strings */ = {
			isa = PBXVariantGroup;
			children = (
				F2D5AE9D2580206000EC85FA /* en */,
				F2D5AEA8258022F700EC85FA /* ru */,
				F2D5AEAC2580230300EC85FA /* uk */,
			);
			name = Localizable.strings;
			sourceTree = "<group>";
		};
/* End PBXVariantGroup section */

/* Begin XCBuildConfiguration section */
		F27627BA257FF55100573012 /* Debug */ = {
			isa = XCBuildConfiguration;
			buildSettings = {
				ALWAYS_SEARCH_USER_PATHS = NO;
				CLANG_ANALYZER_LOCALIZABILITY_NONLOCALIZED = YES;
				CLANG_ANALYZER_NONNULL = YES;
				CLANG_ANALYZER_NUMBER_OBJECT_CONVERSION = YES_AGGRESSIVE;
				CLANG_CXX_LANGUAGE_STANDARD = "gnu++14";
				CLANG_CXX_LIBRARY = "libc++";
				CLANG_ENABLE_MODULES = YES;
				CLANG_ENABLE_OBJC_ARC = YES;
				CLANG_ENABLE_OBJC_WEAK = YES;
				CLANG_WARN_BLOCK_CAPTURE_AUTORELEASING = YES;
				CLANG_WARN_BOOL_CONVERSION = YES;
				CLANG_WARN_COMMA = YES;
				CLANG_WARN_CONSTANT_CONVERSION = YES;
				CLANG_WARN_DEPRECATED_OBJC_IMPLEMENTATIONS = YES;
				CLANG_WARN_DIRECT_OBJC_ISA_USAGE = YES_ERROR;
				CLANG_WARN_DOCUMENTATION_COMMENTS = YES;
				CLANG_WARN_EMPTY_BODY = YES;
				CLANG_WARN_ENUM_CONVERSION = YES;
				CLANG_WARN_INFINITE_RECURSION = YES;
				CLANG_WARN_INT_CONVERSION = YES;
				CLANG_WARN_NON_LITERAL_NULL_CONVERSION = YES;
				CLANG_WARN_OBJC_IMPLICIT_RETAIN_SELF = YES;
				CLANG_WARN_OBJC_LITERAL_CONVERSION = YES;
				CLANG_WARN_OBJC_ROOT_CLASS = YES_ERROR;
				CLANG_WARN_QUOTED_INCLUDE_IN_FRAMEWORK_HEADER = YES;
				CLANG_WARN_RANGE_LOOP_ANALYSIS = YES;
				CLANG_WARN_STRICT_PROTOTYPES = YES;
				CLANG_WARN_SUSPICIOUS_MOVE = YES;
				CLANG_WARN_UNGUARDED_AVAILABILITY = YES_AGGRESSIVE;
				CLANG_WARN_UNREACHABLE_CODE = YES;
				CLANG_WARN__DUPLICATE_METHOD_MATCH = YES;
				COPY_PHASE_STRIP = NO;
				DEBUG_INFORMATION_FORMAT = dwarf;
				ENABLE_STRICT_OBJC_MSGSEND = YES;
				ENABLE_TESTABILITY = YES;
				GCC_C_LANGUAGE_STANDARD = gnu11;
				GCC_DYNAMIC_NO_PIC = NO;
				GCC_NO_COMMON_BLOCKS = YES;
				GCC_OPTIMIZATION_LEVEL = 0;
				GCC_PREPROCESSOR_DEFINITIONS = (
					"DEBUG=1",
					"$(inherited)",
				);
				GCC_WARN_64_TO_32_BIT_CONVERSION = YES;
				GCC_WARN_ABOUT_RETURN_TYPE = YES_ERROR;
				GCC_WARN_UNDECLARED_SELECTOR = YES;
				GCC_WARN_UNINITIALIZED_AUTOS = YES_AGGRESSIVE;
				GCC_WARN_UNUSED_FUNCTION = YES;
				GCC_WARN_UNUSED_VARIABLE = YES;
				IPHONEOS_DEPLOYMENT_TARGET = 14.2;
				MTL_ENABLE_DEBUG_INFO = INCLUDE_SOURCE;
				MTL_FAST_MATH = YES;
				ONLY_ACTIVE_ARCH = YES;
				SDKROOT = iphoneos;
				SWIFT_ACTIVE_COMPILATION_CONDITIONS = DEBUG;
				SWIFT_OPTIMIZATION_LEVEL = "-Onone";
			};
			name = Debug;
		};
		F27627BB257FF55100573012 /* Release */ = {
			isa = XCBuildConfiguration;
			buildSettings = {
				ALWAYS_SEARCH_USER_PATHS = NO;
				CLANG_ANALYZER_LOCALIZABILITY_NONLOCALIZED = YES;
				CLANG_ANALYZER_NONNULL = YES;
				CLANG_ANALYZER_NUMBER_OBJECT_CONVERSION = YES_AGGRESSIVE;
				CLANG_CXX_LANGUAGE_STANDARD = "gnu++14";
				CLANG_CXX_LIBRARY = "libc++";
				CLANG_ENABLE_MODULES = YES;
				CLANG_ENABLE_OBJC_ARC = YES;
				CLANG_ENABLE_OBJC_WEAK = YES;
				CLANG_WARN_BLOCK_CAPTURE_AUTORELEASING = YES;
				CLANG_WARN_BOOL_CONVERSION = YES;
				CLANG_WARN_COMMA = YES;
				CLANG_WARN_CONSTANT_CONVERSION = YES;
				CLANG_WARN_DEPRECATED_OBJC_IMPLEMENTATIONS = YES;
				CLANG_WARN_DIRECT_OBJC_ISA_USAGE = YES_ERROR;
				CLANG_WARN_DOCUMENTATION_COMMENTS = YES;
				CLANG_WARN_EMPTY_BODY = YES;
				CLANG_WARN_ENUM_CONVERSION = YES;
				CLANG_WARN_INFINITE_RECURSION = YES;
				CLANG_WARN_INT_CONVERSION = YES;
				CLANG_WARN_NON_LITERAL_NULL_CONVERSION = YES;
				CLANG_WARN_OBJC_IMPLICIT_RETAIN_SELF = YES;
				CLANG_WARN_OBJC_LITERAL_CONVERSION = YES;
				CLANG_WARN_OBJC_ROOT_CLASS = YES_ERROR;
				CLANG_WARN_QUOTED_INCLUDE_IN_FRAMEWORK_HEADER = YES;
				CLANG_WARN_RANGE_LOOP_ANALYSIS = YES;
				CLANG_WARN_STRICT_PROTOTYPES = YES;
				CLANG_WARN_SUSPICIOUS_MOVE = YES;
				CLANG_WARN_UNGUARDED_AVAILABILITY = YES_AGGRESSIVE;
				CLANG_WARN_UNREACHABLE_CODE = YES;
				CLANG_WARN__DUPLICATE_METHOD_MATCH = YES;
				COPY_PHASE_STRIP = NO;
				DEBUG_INFORMATION_FORMAT = "dwarf-with-dsym";
				ENABLE_NS_ASSERTIONS = NO;
				ENABLE_STRICT_OBJC_MSGSEND = YES;
				GCC_C_LANGUAGE_STANDARD = gnu11;
				GCC_NO_COMMON_BLOCKS = YES;
				GCC_WARN_64_TO_32_BIT_CONVERSION = YES;
				GCC_WARN_ABOUT_RETURN_TYPE = YES_ERROR;
				GCC_WARN_UNDECLARED_SELECTOR = YES;
				GCC_WARN_UNINITIALIZED_AUTOS = YES_AGGRESSIVE;
				GCC_WARN_UNUSED_FUNCTION = YES;
				GCC_WARN_UNUSED_VARIABLE = YES;
				IPHONEOS_DEPLOYMENT_TARGET = 14.2;
				MTL_ENABLE_DEBUG_INFO = NO;
				MTL_FAST_MATH = YES;
				SDKROOT = iphoneos;
				SWIFT_COMPILATION_MODE = wholemodule;
				SWIFT_OPTIMIZATION_LEVEL = "-O";
				VALIDATE_PRODUCT = YES;
			};
			name = Release;
		};
		F27627BD257FF55100573012 /* Debug */ = {
			isa = XCBuildConfiguration;
			baseConfigurationReference = 37716AF07E7A82F436F93218 /* Pods-AI-Insurance.debug.xcconfig */;
			buildSettings = {
				ASSETCATALOG_COMPILER_APPICON_NAME = AppIcon;
				ASSETCATALOG_COMPILER_GLOBAL_ACCENT_COLOR_NAME = AccentColor;
				CODE_SIGN_STYLE = Automatic;
				DEVELOPMENT_ASSET_PATHS = "\"AI-Insurance/Preview Content\"";
				DEVELOPMENT_TEAM = 7P38U46B8X;
				ENABLE_PREVIEWS = YES;
				INFOPLIST_FILE = "AI-Insurance/Info.plist";
				IPHONEOS_DEPLOYMENT_TARGET = 14.0;
				LD_RUNPATH_SEARCH_PATHS = (
					"$(inherited)",
					"@executable_path/Frameworks",
				);
				PRODUCT_BUNDLE_IDENTIFIER = "devexc.AI-Insurance";
				PRODUCT_NAME = "$(TARGET_NAME)";
				SWIFT_VERSION = 5.0;
				TARGETED_DEVICE_FAMILY = "1,2";
			};
			name = Debug;
		};
		F27627BE257FF55100573012 /* Release */ = {
			isa = XCBuildConfiguration;
			baseConfigurationReference = 3368184135C46FA4EDC73AD0 /* Pods-AI-Insurance.release.xcconfig */;
			buildSettings = {
				ASSETCATALOG_COMPILER_APPICON_NAME = AppIcon;
				ASSETCATALOG_COMPILER_GLOBAL_ACCENT_COLOR_NAME = AccentColor;
				CODE_SIGN_STYLE = Automatic;
				DEVELOPMENT_ASSET_PATHS = "\"AI-Insurance/Preview Content\"";
				DEVELOPMENT_TEAM = 7P38U46B8X;
				ENABLE_PREVIEWS = YES;
				INFOPLIST_FILE = "AI-Insurance/Info.plist";
				IPHONEOS_DEPLOYMENT_TARGET = 14.0;
				LD_RUNPATH_SEARCH_PATHS = (
					"$(inherited)",
					"@executable_path/Frameworks",
				);
				PRODUCT_BUNDLE_IDENTIFIER = "devexc.AI-Insurance";
				PRODUCT_NAME = "$(TARGET_NAME)";
				SWIFT_VERSION = 5.0;
				TARGETED_DEVICE_FAMILY = "1,2";
			};
			name = Release;
		};
		F27627C0257FF55100573012 /* Debug */ = {
			isa = XCBuildConfiguration;
			baseConfigurationReference = 5EB4E8DAC4B7B57844675518 /* Pods-AI-InsuranceTests.debug.xcconfig */;
			buildSettings = {
				ALWAYS_EMBED_SWIFT_STANDARD_LIBRARIES = YES;
				BUNDLE_LOADER = "$(TEST_HOST)";
				CODE_SIGN_STYLE = Automatic;
				INFOPLIST_FILE = "AI-InsuranceTests/Info.plist";
				IPHONEOS_DEPLOYMENT_TARGET = 14.0;
				LD_RUNPATH_SEARCH_PATHS = (
					"$(inherited)",
					"@executable_path/Frameworks",
					"@loader_path/Frameworks",
				);
				PRODUCT_BUNDLE_IDENTIFIER = "devexc.AI-InsuranceTests";
				PRODUCT_NAME = "$(TARGET_NAME)";
				SWIFT_VERSION = 5.0;
				TARGETED_DEVICE_FAMILY = "1,2";
				TEST_HOST = "$(BUILT_PRODUCTS_DIR)/AI-Insurance.app/AI-Insurance";
			};
			name = Debug;
		};
		F27627C1257FF55100573012 /* Release */ = {
			isa = XCBuildConfiguration;
			baseConfigurationReference = F930FC6EE1AE00EF11C690F3 /* Pods-AI-InsuranceTests.release.xcconfig */;
			buildSettings = {
				ALWAYS_EMBED_SWIFT_STANDARD_LIBRARIES = YES;
				BUNDLE_LOADER = "$(TEST_HOST)";
				CODE_SIGN_STYLE = Automatic;
				INFOPLIST_FILE = "AI-InsuranceTests/Info.plist";
				IPHONEOS_DEPLOYMENT_TARGET = 14.0;
				LD_RUNPATH_SEARCH_PATHS = (
					"$(inherited)",
					"@executable_path/Frameworks",
					"@loader_path/Frameworks",
				);
				PRODUCT_BUNDLE_IDENTIFIER = "devexc.AI-InsuranceTests";
				PRODUCT_NAME = "$(TARGET_NAME)";
				SWIFT_VERSION = 5.0;
				TARGETED_DEVICE_FAMILY = "1,2";
				TEST_HOST = "$(BUILT_PRODUCTS_DIR)/AI-Insurance.app/AI-Insurance";
			};
			name = Release;
		};
		F27627C3257FF55100573012 /* Debug */ = {
			isa = XCBuildConfiguration;
			baseConfigurationReference = 3C95D40E8D77B442E5A43416 /* Pods-AI-Insurance-AI-InsuranceUITests.debug.xcconfig */;
			buildSettings = {
				ALWAYS_EMBED_SWIFT_STANDARD_LIBRARIES = YES;
				CODE_SIGN_STYLE = Automatic;
				INFOPLIST_FILE = "AI-InsuranceUITests/Info.plist";
				LD_RUNPATH_SEARCH_PATHS = (
					"$(inherited)",
					"@executable_path/Frameworks",
					"@loader_path/Frameworks",
				);
				PRODUCT_BUNDLE_IDENTIFIER = "devexc.AI-InsuranceUITests";
				PRODUCT_NAME = "$(TARGET_NAME)";
				SWIFT_VERSION = 5.0;
				TARGETED_DEVICE_FAMILY = "1,2";
				TEST_TARGET_NAME = "AI-Insurance";
			};
			name = Debug;
		};
		F27627C4257FF55100573012 /* Release */ = {
			isa = XCBuildConfiguration;
			baseConfigurationReference = B35EB819ABE5F8C17540F319 /* Pods-AI-Insurance-AI-InsuranceUITests.release.xcconfig */;
			buildSettings = {
				ALWAYS_EMBED_SWIFT_STANDARD_LIBRARIES = YES;
				CODE_SIGN_STYLE = Automatic;
				INFOPLIST_FILE = "AI-InsuranceUITests/Info.plist";
				LD_RUNPATH_SEARCH_PATHS = (
					"$(inherited)",
					"@executable_path/Frameworks",
					"@loader_path/Frameworks",
				);
				PRODUCT_BUNDLE_IDENTIFIER = "devexc.AI-InsuranceUITests";
				PRODUCT_NAME = "$(TARGET_NAME)";
				SWIFT_VERSION = 5.0;
				TARGETED_DEVICE_FAMILY = "1,2";
				TEST_TARGET_NAME = "AI-Insurance";
			};
			name = Release;
		};
/* End XCBuildConfiguration section */

/* Begin XCConfigurationList section */
		F2762792257FF55000573012 /* Build configuration list for PBXProject "AI-Insurance" */ = {
			isa = XCConfigurationList;
			buildConfigurations = (
				F27627BA257FF55100573012 /* Debug */,
				F27627BB257FF55100573012 /* Release */,
			);
			defaultConfigurationIsVisible = 0;
			defaultConfigurationName = Release;
		};
		F27627BC257FF55100573012 /* Build configuration list for PBXNativeTarget "AI-Insurance" */ = {
			isa = XCConfigurationList;
			buildConfigurations = (
				F27627BD257FF55100573012 /* Debug */,
				F27627BE257FF55100573012 /* Release */,
			);
			defaultConfigurationIsVisible = 0;
			defaultConfigurationName = Release;
		};
		F27627BF257FF55100573012 /* Build configuration list for PBXNativeTarget "AI-InsuranceTests" */ = {
			isa = XCConfigurationList;
			buildConfigurations = (
				F27627C0257FF55100573012 /* Debug */,
				F27627C1257FF55100573012 /* Release */,
			);
			defaultConfigurationIsVisible = 0;
			defaultConfigurationName = Release;
		};
		F27627C2257FF55100573012 /* Build configuration list for PBXNativeTarget "AI-InsuranceUITests" */ = {
			isa = XCConfigurationList;
			buildConfigurations = (
				F27627C3257FF55100573012 /* Debug */,
				F27627C4257FF55100573012 /* Release */,
			);
			defaultConfigurationIsVisible = 0;
			defaultConfigurationName = Release;
		};
/* End XCConfigurationList section */

/* Begin XCRemoteSwiftPackageReference section */
		F2A35DF92587CA7D00EF4FAD /* XCRemoteSwiftPackageReference "CodeScanner" */ = {
			isa = XCRemoteSwiftPackageReference;
			repositoryURL = "https://github.com/twostraws/CodeScanner";
			requirement = {
				kind = upToNextMajorVersion;
				minimumVersion = 1.0.7;
			};
		};
/* End XCRemoteSwiftPackageReference section */

/* Begin XCSwiftPackageProductDependency section */
		F2A35DFA2587CA7D00EF4FAD /* CodeScanner */ = {
			isa = XCSwiftPackageProductDependency;
			package = F2A35DF92587CA7D00EF4FAD /* XCRemoteSwiftPackageReference "CodeScanner" */;
			productName = CodeScanner;
		};
/* End XCSwiftPackageProductDependency section */
	};
	rootObject = F276278F257FF55000573012 /* Project object */;
}
